<Solution>
  <Folder Name="/方案項目/">
    <File Path=".editorconfig" />
    <File Path=".gitignore" />
    <File Path="BeforeBuild.ps1" />
    <File Path="Directory.Build.targets" />
    <File Path="LICENSE" />
    <File Path="README.md" />
    <File Path="README.Share.md" />
    <File Path="README.zh-tw.md" />
  </Folder>
  <Project Path="CapsLockNotify/CapsLockNotify.csproj" />
</Solution>
